{

  "name": "wd_exam",

  "lockfileVersion": 3,

  "requires": true,

  "packages": {

    "": {

      "dependencies": {

        "jquery": "^3.7.1",

        "toastr": "^2.1.4"

      },

      "devDependencies": {

        "@types/toastr": "^2.1.43"

      }

    },

    "node_modules/@types/jquery": {

      "version": "3.5.30",

      "resolved": "https://registry.npmjs.org/@types/jquery/-/jquery-3.5.30.tgz",

      "integrity": "sha512-nbWKkkyb919DOUxjmRVk8vwtDb0/k8FKncmUKFi+NY+QXqWltooxTrswvz4LspQwxvLdvzBN1TImr6cw3aQx2A==",

      "dev": true,

      "dependencies": {

        "@types/sizzle": "*"

      }

    },

    "node_modules/@types/sizzle": {

      "version": "2.3.8",

      "resolved": "https://registry.npmjs.org/@types/sizzle/-/sizzle-2.3.8.tgz",

      "integrity": "sha512-0vWLNK2D5MT9dg0iOo8GlKguPAU02QjmZitPEsXRuJXU/OGIOt9vT9Fc26wtYuavLxtO45v9PGleoL9Z0k1LHg==",

      "dev": true

    },

    "node_modules/@types/toastr": {

      "version": "2.1.43",

      "resolved": "https://registry.npmjs.org/@types/toastr/-/toastr-2.1.43.tgz",

      "integrity": "sha512-sLC2fr2OXeE1iyhUixpQ64wQ2tA26awmLidn4tXTLBz4yP/VhtYUKHpmiIyDtztKkHjucdiTLH8F5uRRyhNi2Q==",

      "dev": true,

      "dependencies": {

        "@types/jquery": "*"

      }

    },

    "node_modules/jquery": {

      "version": "3.7.1",

      "resolved": "https://registry.npmjs.org/jquery/-/jquery-3.7.1.tgz",

      "integrity": "sha512-m4avr8yL8kmFN8psrbFFFmB/If14iN5o9nw/NgnnM+kybDJpRsAynV2BsfpTYrTRysYUdADVD7CkUUizgkpLfg=="

    },

    "node_modules/toastr": {

      "version": "2.1.4",

      "resolved": "https://registry.npmjs.org/toastr/-/toastr-2.1.4.tgz",

      "integrity": "sha512-LIy77F5n+sz4tefMmFOntcJ6HL0Fv3k1TDnNmFZ0bU/GcvIIfy6eG2v7zQmMiYgaalAiUv75ttFrPn5s0gyqlA==",

      "dependencies": {

        "jquery": ">=1.12.0"

      }

    }

  }

}

